# This file is automatically @generated by Cargo.
# It is not intended for manual editing.
version = 4

[[package]]
name = "go-lang"
version = "0.1.0"

[[package]]
name = "javascript-lang"
version = "0.1.0"

[[package]]
name = "python-lang"
version = "0.1.0"

[[package]]
name = "react-lang"
version = "0.1.0"

[[package]]
name = "rust-lang"
version = "0.1.0"

[[package]]
name = "svelte-lang"
version = "0.1.0"

[[package]]
name = "typescript-lang"
version = "0.1.0"

[[package]]
name = "vue-lang"
version = "0.1.0"
